
Microsoft Visual Studio Solution File, Format Version 12.00
# Visual Studio Version 16
VisualStudioVersion = 16.0.30225.117
MinimumVisualStudioVersion = 10.0.40219.1
Project("{FAE04EC0-301F-11D3-BF4B-00C04F79EFBC}") = "WallEGarbageCollector", "WallEGarbageCollector\WallEGarbageCollector.csproj", "{0E2DC858-FD60-4292-864F-5EEB7C616D8F}"
EndProject
Project("{FAE04EC0-301F-11D3-BF4B-00C04F79EFBC}") = "WallEGarbageCollectorTests", "WallEGarbageCollectorTests\WallEGarbageCollectorTests.csproj", "{F4BB30D7-C3C1-4342-A17E-2EA61591902C}"
EndProject
Global
	GlobalSection(SolutionConfigurationPlatforms) = preSolution
		Debug|Any CPU = Debug|Any CPU
		Release|Any CPU = Release|Any CPU
	EndGlobalSection
	GlobalSection(ProjectConfigurationPlatforms) = postSolution
		{0E2DC858-FD60-4292-864F-5EEB7C616D8F}.Debug|Any CPU.ActiveCfg = Debug|Any CPU
		{0E2DC858-FD60-4292-864F-5EEB7C616D8F}.Debug|Any CPU.Build.0 = Debug|Any CPU
		{0E2DC858-FD60-4292-864F-5EEB7C616D8F}.Release|Any CPU.ActiveCfg = Release|Any CPU
		{0E2DC858-FD60-4292-864F-5EEB7C616D8F}.Release|Any CPU.Build.0 = Release|Any CPU
		{F4BB30D7-C3C1-4342-A17E-2EA61591902C}.Debug|Any CPU.ActiveCfg = Debug|Any CPU
		{F4BB30D7-C3C1-4342-A17E-2EA61591902C}.Debug|Any CPU.Build.0 = Debug|Any CPU
		{F4BB30D7-C3C1-4342-A17E-2EA61591902C}.Release|Any CPU.ActiveCfg = Release|Any CPU
		{F4BB30D7-C3C1-4342-A17E-2EA61591902C}.Release|Any CPU.Build.0 = Release|Any CPU
	EndGlobalSection
	GlobalSection(SolutionProperties) = preSolution
		HideSolutionNode = FALSE
	EndGlobalSection
	GlobalSection(ExtensibilityGlobals) = postSolution
		SolutionGuid = {F6217B30-0851-43C5-9B7F-C13FBEC6E86D}
	EndGlobalSection
EndGlobal
